
Microsoft Visual Studio Solution File, Format Version 12.00
# Visual Studio 15
VisualStudioVersion = 15.0.26124.0
MinimumVisualStudioVersion = 15.0.26124.0
Project("{FAE04EC0-301F-11D3-BF4B-00C04F79EFBC}") = "Tutorial", "Tutorial\Tutorial.csproj", "{DABB1A6F-C96F-4157-AE17-A5C7E31A623E}"
EndProject
Project("{FAE04EC0-301F-11D3-BF4B-00C04F79EFBC}") = "TutorialTests", "TutorialTests\TutorialTests.csproj", "{A926E145-FC7C-400A-8E27-C812EEFB5389}"
EndProject
Global
	GlobalSection(SolutionConfigurationPlatforms) = preSolution
		Debug|Any CPU = Debug|Any CPU
		Debug|x64 = Debug|x64
		Debug|x86 = Debug|x86
		Release|Any CPU = Release|Any CPU
		Release|x64 = Release|x64
		Release|x86 = Release|x86
	EndGlobalSection
	GlobalSection(SolutionProperties) = preSolution
		HideSolutionNode = FALSE
	EndGlobalSection
	GlobalSection(ProjectConfigurationPlatforms) = postSolution
		{DABB1A6F-C96F-4157-AE17-A5C7E31A623E}.Debug|Any CPU.ActiveCfg = Debug|Any CPU
		{DABB1A6F-C96F-4157-AE17-A5C7E31A623E}.Debug|Any CPU.Build.0 = Debug|Any CPU
		{DABB1A6F-C96F-4157-AE17-A5C7E31A623E}.Debug|x64.ActiveCfg = Debug|x64
		{DABB1A6F-C96F-4157-AE17-A5C7E31A623E}.Debug|x64.Build.0 = Debug|x64
		{DABB1A6F-C96F-4157-AE17-A5C7E31A623E}.Debug|x86.ActiveCfg = Debug|x86
		{DABB1A6F-C96F-4157-AE17-A5C7E31A623E}.Debug|x86.Build.0 = Debug|x86
		{DABB1A6F-C96F-4157-AE17-A5C7E31A623E}.Release|Any CPU.ActiveCfg = Release|Any CPU
		{DABB1A6F-C96F-4157-AE17-A5C7E31A623E}.Release|Any CPU.Build.0 = Release|Any CPU
		{DABB1A6F-C96F-4157-AE17-A5C7E31A623E}.Release|x64.ActiveCfg = Release|x64
		{DABB1A6F-C96F-4157-AE17-A5C7E31A623E}.Release|x64.Build.0 = Release|x64
		{DABB1A6F-C96F-4157-AE17-A5C7E31A623E}.Release|x86.ActiveCfg = Release|x86
		{DABB1A6F-C96F-4157-AE17-A5C7E31A623E}.Release|x86.Build.0 = Release|x86
		{A926E145-FC7C-400A-8E27-C812EEFB5389}.Debug|Any CPU.ActiveCfg = Debug|Any CPU
		{A926E145-FC7C-400A-8E27-C812EEFB5389}.Debug|Any CPU.Build.0 = Debug|Any CPU
		{A926E145-FC7C-400A-8E27-C812EEFB5389}.Debug|x64.ActiveCfg = Debug|x64
		{A926E145-FC7C-400A-8E27-C812EEFB5389}.Debug|x64.Build.0 = Debug|x64
		{A926E145-FC7C-400A-8E27-C812EEFB5389}.Debug|x86.ActiveCfg = Debug|x86
		{A926E145-FC7C-400A-8E27-C812EEFB5389}.Debug|x86.Build.0 = Debug|x86
		{A926E145-FC7C-400A-8E27-C812EEFB5389}.Release|Any CPU.ActiveCfg = Release|Any CPU
		{A926E145-FC7C-400A-8E27-C812EEFB5389}.Release|Any CPU.Build.0 = Release|Any CPU
		{A926E145-FC7C-400A-8E27-C812EEFB5389}.Release|x64.ActiveCfg = Release|x64
		{A926E145-FC7C-400A-8E27-C812EEFB5389}.Release|x64.Build.0 = Release|x64
		{A926E145-FC7C-400A-8E27-C812EEFB5389}.Release|x86.ActiveCfg = Release|x86
		{A926E145-FC7C-400A-8E27-C812EEFB5389}.Release|x86.Build.0 = Release|x86
	EndGlobalSection
EndGlobal
